
Microsoft Visual Studio Solution File, Format Version 12.00
# Visual Studio Version 17
VisualStudioVersion = 17.8.34322.80
MinimumVisualStudioVersion = 10.0.40219.1
Project("{9A19103F-16F7-4668-BE54-9A1E7A4F7556}") = "Day01", ".\Day01\Day01.csproj", "{81420797-755C-45F3-B1BC-44261073758F}"
EndProject
Project("{FAE04EC0-301F-11D3-BF4B-00C04F79EFBC}") = "Day02", ".\Day02\Day02.csproj", "{7557FC36-4D78-4DD5-A92B-DBDB2546AA19}"
EndProject
Project("{FAE04EC0-301F-11D3-BF4B-00C04F79EFBC}") = "Day03", ".\Day03\Day03.csproj", "{C39DA664-D872-4983-9986-E7DCFF927547}"
EndProject
Global
	GlobalSection(SolutionConfigurationPlatforms) = preSolution
		Debug|Any CPU = Debug|Any CPU
		Release|Any CPU = Release|Any CPU
	EndGlobalSection
	GlobalSection(ProjectConfigurationPlatforms) = postSolution
		{81420797-755C-45F3-B1BC-44261073758F}.Debug|Any CPU.ActiveCfg = Debug|Any CPU
		{81420797-755C-45F3-B1BC-44261073758F}.Debug|Any CPU.Build.0 = Debug|Any CPU
		{81420797-755C-45F3-B1BC-44261073758F}.Release|Any CPU.ActiveCfg = Release|Any CPU
		{81420797-755C-45F3-B1BC-44261073758F}.Release|Any CPU.Build.0 = Release|Any CPU
		{7557FC36-4D78-4DD5-A92B-DBDB2546AA19}.Debug|Any CPU.ActiveCfg = Debug|Any CPU
		{7557FC36-4D78-4DD5-A92B-DBDB2546AA19}.Debug|Any CPU.Build.0 = Debug|Any CPU
		{7557FC36-4D78-4DD5-A92B-DBDB2546AA19}.Release|Any CPU.ActiveCfg = Release|Any CPU
		{7557FC36-4D78-4DD5-A92B-DBDB2546AA19}.Release|Any CPU.Build.0 = Release|Any CPU
		{C39DA664-D872-4983-9986-E7DCFF927547}.Debug|Any CPU.ActiveCfg = Debug|Any CPU
		{C39DA664-D872-4983-9986-E7DCFF927547}.Debug|Any CPU.Build.0 = Debug|Any CPU
		{C39DA664-D872-4983-9986-E7DCFF927547}.Release|Any CPU.ActiveCfg = Release|Any CPU
		{C39DA664-D872-4983-9986-E7DCFF927547}.Release|Any CPU.Build.0 = Release|Any CPU
	EndGlobalSection
	GlobalSection(SolutionProperties) = preSolution
		HideSolutionNode = FALSE
	EndGlobalSection
	GlobalSection(ExtensibilityGlobals) = postSolution
		SolutionGuid = {7599974A-CAE8-4C06-9487-5D6DC9160575}
	EndGlobalSection
EndGlobal
